
Microsoft Visual Studio Solution File, Format Version 10.00
# Visual Studio 2008
Project("{FAE04EC0-301F-11D3-BF4B-00C04F79EFBC}") = "DragDropLib", "DragDropLib\DragDropLib.csproj", "{44298D97-06A4-47CF-B59C-AE731BD52684}"
EndProject
Project("{FAE04EC0-301F-11D3-BF4B-00C04F79EFBC}") = "WinFormsSample", "WinFormsSample\WinFormsSample.csproj", "{D301BC85-14AD-47BF-B38F-3153F359DB9C}"
EndProject
Project("{FAE04EC0-301F-11D3-BF4B-00C04F79EFBC}") = "WpfSample", "WpfSample\WpfSample.csproj", "{6BC808A3-C684-4D08-9EDD-E0ACB5DF40EE}"
EndProject
Global
	GlobalSection(SolutionConfigurationPlatforms) = preSolution
		Debug|Any CPU = Debug|Any CPU
		Release|Any CPU = Release|Any CPU
	EndGlobalSection
	GlobalSection(ProjectConfigurationPlatforms) = postSolution
		{44298D97-06A4-47CF-B59C-AE731BD52684}.Debug|Any CPU.ActiveCfg = Debug|Any CPU
		{44298D97-06A4-47CF-B59C-AE731BD52684}.Debug|Any CPU.Build.0 = Debug|Any CPU
		{44298D97-06A4-47CF-B59C-AE731BD52684}.Release|Any CPU.ActiveCfg = Release|Any CPU
		{44298D97-06A4-47CF-B59C-AE731BD52684}.Release|Any CPU.Build.0 = Release|Any CPU
		{D301BC85-14AD-47BF-B38F-3153F359DB9C}.Debug|Any CPU.ActiveCfg = Debug|Any CPU
		{D301BC85-14AD-47BF-B38F-3153F359DB9C}.Debug|Any CPU.Build.0 = Debug|Any CPU
		{D301BC85-14AD-47BF-B38F-3153F359DB9C}.Release|Any CPU.ActiveCfg = Release|Any CPU
		{D301BC85-14AD-47BF-B38F-3153F359DB9C}.Release|Any CPU.Build.0 = Release|Any CPU
		{6BC808A3-C684-4D08-9EDD-E0ACB5DF40EE}.Debug|Any CPU.ActiveCfg = Debug|Any CPU
		{6BC808A3-C684-4D08-9EDD-E0ACB5DF40EE}.Debug|Any CPU.Build.0 = Debug|Any CPU
		{6BC808A3-C684-4D08-9EDD-E0ACB5DF40EE}.Release|Any CPU.ActiveCfg = Release|Any CPU
		{6BC808A3-C684-4D08-9EDD-E0ACB5DF40EE}.Release|Any CPU.Build.0 = Release|Any CPU
	EndGlobalSection
	GlobalSection(SolutionProperties) = preSolution
		HideSolutionNode = FALSE
	EndGlobalSection
EndGlobal
